id: ble_ble_packet_sink
label: BLE Packet Sink
category: '[ble]'
description: |
  This block detects BLE packets in hard-decision bitstreams and publishes them as PDUs.
  It searches for the preamble based on the base address and preamble threshold.
  Detected packets are de-whitened and CRC checked.

templates:
  imports: from gnuradio import ble
  make: ble.ble_packet_sink(${base_address}, ${preamble_threshold}, ${lfsr}, ${block_id})

parameters:
-   id: base_address
    label: Base Address
    dtype: int
    default: 0x12345678
    tooltip: "Base address for the BLE device, used to identify packets"
-   id: preamble_threshold
    label: Preamble Threshold
    dtype: int
    default: 4
-   id: lfsr
    label: Whitening LFSR
    dtype: int
    default: 0x01
    tooltip: "Initial LFSR value for whitening, used to de-whiten the packets"
-   id: block_id
    label: Block ID
    dtype: int
    default: 0
    hide: none
    tooltip: "Unique integer ID for this block instance"

inputs:
-   label: in
    domain: stream
    dtype: float
    vlen: 1

outputs:
-   label: out
    domain: stream
    dtype: byte
    optional: true
-   id: pmt
    domain: message

#  'file_format' specifies the version of the GRC yml format used in the file
#  and should usually not be changed.
file_format: 1
