id: ble_plot_iq_from_pmt
label: Plot IQ from PMT
category: '[ble]'

templates:
  imports: from gnuradio import ble
  make: ble.plot_iq_from_pmt()

parameters: []

inputs:
-   label: in
    domain: message
    dtype: pmt
    tooltip: "Input stream of PMT messages containing IQ data"

outputs: []

#  'file_format' specifies the version of the GRC yml format used in the file
#  and should usually not be changed.
file_format: 1
