id: ble_tag_iq_stream
label: Tag IQ Stream
category: '[sic]'

templates:
  imports: from gnuradio import sic
  make: sic.tag_iq_stream(${sps})

parameters:
- id: sps
  label: Samples Per Symbol
  dtype: int
  default: 10

inputs:
- label: in_iq
  domain: stream
  dtype: complex
- label: in_sym
  domain: stream
  dtype: byte

outputs:
- label: out
  domain: stream
  dtype: complex

#  'file_format' specifies the version of the GRC yml format used in the file
#  and should usually not be changed.
file_format: 1
