id: ble_plot_sic_results
label: Plot SIC Results
category: '[sic]'

templates:
  imports: from gnuradio import sic
  make: sic.plot_sic_results(${sample_rate}, ${max_queue_size})

parameters:
- id: sample_rate
  label: Sample Rate
  dtype: int
  default: 10e6
- id: max_queue_size
  label: Max Queue Size
  dtype: int
  default: 10
  hide: part

inputs:
- label: in
  domain: message
  dtype: pmt

outputs: []

#  'file_format' specifies the version of the GRC yml format used in the file
#  and should usually not be changed.
file_format: 1
